
Microsoft Visual Studio Solution File, Format Version 12.00
# Visual Studio 14
VisualStudioVersion = 14.0.23107.0
MinimumVisualStudioVersion = 10.0.40219.1
Project("{FAE04EC0-301F-11D3-BF4B-00C04F79EFBC}") = "BibDeClasses", "BibDeClasses\BibDeClasses.csproj", "{D10B177C-DF07-446D-913B-E67E6407C73C}"
EndProject
Project("{FAE04EC0-301F-11D3-BF4B-00C04F79EFBC}") = "A.T.O.M", "A.T.O.M\A.T.O.M.csproj", "{C4287CD6-A581-4026-8ED2-8B3DE3073431}"
EndProject
Global
	GlobalSection(SolutionConfigurationPlatforms) = preSolution
		Debug|Any CPU = Debug|Any CPU
		Release|Any CPU = Release|Any CPU
	EndGlobalSection
	GlobalSection(ProjectConfigurationPlatforms) = postSolution
		{D10B177C-DF07-446D-913B-E67E6407C73C}.Debug|Any CPU.ActiveCfg = Debug|Any CPU
		{D10B177C-DF07-446D-913B-E67E6407C73C}.Debug|Any CPU.Build.0 = Debug|Any CPU
		{D10B177C-DF07-446D-913B-E67E6407C73C}.Release|Any CPU.ActiveCfg = Release|Any CPU
		{D10B177C-DF07-446D-913B-E67E6407C73C}.Release|Any CPU.Build.0 = Release|Any CPU
		{C4287CD6-A581-4026-8ED2-8B3DE3073431}.Debug|Any CPU.ActiveCfg = Debug|Any CPU
		{C4287CD6-A581-4026-8ED2-8B3DE3073431}.Debug|Any CPU.Build.0 = Debug|Any CPU
		{C4287CD6-A581-4026-8ED2-8B3DE3073431}.Release|Any CPU.ActiveCfg = Release|Any CPU
		{C4287CD6-A581-4026-8ED2-8B3DE3073431}.Release|Any CPU.Build.0 = Release|Any CPU
	EndGlobalSection
	GlobalSection(SolutionProperties) = preSolution
		HideSolutionNode = FALSE
	EndGlobalSection
EndGlobal
